
Microsoft Visual Studio Solution File, Format Version 12.00
# Visual Studio Version 17
VisualStudioVersion = 17.6.33712.159
MinimumVisualStudioVersion = 10.0.40219.1
Project("{9A19103F-16F7-4668-BE54-9A1E7A4F7556}") = "OnetezSoft", "OnetezSoft\OnetezSoft.csproj", "{9383CE09-B7A2-4D47-924A-6E3816A9ECF3}"
EndProject
Global
	GlobalSection(SolutionConfigurationPlatforms) = preSolution
		Debug|Any CPU = Debug|Any CPU
		Release|Any CPU = Release|Any CPU
	EndGlobalSection
	GlobalSection(ProjectConfigurationPlatforms) = postSolution
		{9383CE09-B7A2-4D47-924A-6E3816A9ECF3}.Debug|Any CPU.ActiveCfg = Debug|Any CPU
		{9383CE09-B7A2-4D47-924A-6E3816A9ECF3}.Debug|Any CPU.Build.0 = Debug|Any CPU
		{9383CE09-B7A2-4D47-924A-6E3816A9ECF3}.Release|Any CPU.ActiveCfg = Release|Any CPU
		{9383CE09-B7A2-4D47-924A-6E3816A9ECF3}.Release|Any CPU.Build.0 = Release|Any CPU
	EndGlobalSection
	GlobalSection(SolutionProperties) = preSolution
		HideSolutionNode = FALSE
	EndGlobalSection
	GlobalSection(ExtensibilityGlobals) = postSolution
		SolutionGuid = {3DB9655E-49EC-4BC3-BED9-97F8954BF070}
	EndGlobalSection
EndGlobal
